Microsoft Visual Studio Solution File, Format Version 12.00
# Visual Studio Version 17
VisualStudioVersion = 17.13.35825.156
MinimumVisualStudioVersion = 10.0.40219.1
Project("{FAE04EC0-301F-11D3-BF4B-00C04F79EFBC}") = "SimpleStudentManagementProjectCSharpProject1", "SimpleStudentManagementProjectCSharpProject1.csproj", "{2A2BDDC2-0CFC-4643-883E-B4FAE1A44496}"
EndProject
Global
	GlobalSection(SolutionConfigurationPlatforms) = preSolution
		Debug|Any CPU = Debug|Any CPU
		Release|Any CPU = Release|Any CPU
	EndGlobalSection
	GlobalSection(ProjectConfigurationPlatforms) = postSolution
		{2A2BDDC2-0CFC-4643-883E-B4FAE1A44496}.Debug|Any CPU.ActiveCfg = Debug|Any CPU
		{2A2BDDC2-0CFC-4643-883E-B4FAE1A44496}.Debug|Any CPU.Build.0 = Debug|Any CPU
		{2A2BDDC2-0CFC-4643-883E-B4FAE1A44496}.Release|Any CPU.ActiveCfg = Release|Any CPU
		{2A2BDDC2-0CFC-4643-883E-B4FAE1A44496}.Release|Any CPU.Build.0 = Release|Any CPU
	EndGlobalSection
	GlobalSection(SolutionProperties) = preSolution
		HideSolutionNode = FALSE
	EndGlobalSection
	GlobalSection(ExtensibilityGlobals) = postSolution
		SolutionGuid = {F801A027-6100-44ED-8184-4CFDCEBDC4E7}
	EndGlobalSection
EndGlobal
